// !$*UTF8*$!
{
	archiveVersion = 1;
	classes = {
	};
	objectVersion = 46;
	objects = {

/* Begin PBXBuildFile section */
		9337039D1C8A5D100092E4A2 /* libhfgl.a in Frameworks */ = {isa = PBXBuildFile; fileRef = 9337039C1C8A5D100092E4A2 /* libhfgl.a */; };
		9337039F1C8A5D150092E4A2 /* UIKit.framework in Frameworks */ = {isa = PBXBuildFile; fileRef = 9337039E1C8A5D150092E4A2 /* UIKit.framework */; };
		933703A11C8A5D1A0092E4A2 /* AudioToolbox.framework in Frameworks */ = {isa = PBXBuildFile; fileRef = 933703A01C8A5D1A0092E4A2 /* AudioToolbox.framework */; };
		933703A21C8A5D1F0092E4A2 /* GLKit.framework in Frameworks */ = {isa = PBXBuildFile; fileRef = 93A2B6E21C88B0BC00BD493B /* GLKit.framework */; };
		933703A41C8A5D240092E4A2 /* OpenGLES.framework in Frameworks */ = {isa = PBXBuildFile; fileRef = 933703A31C8A5D240092E4A2 /* OpenGLES.framework */; };
		933703A51C8A5D350092E4A2 /* CoreMotion.framework in Frameworks */ = {isa = PBXBuildFile; fileRef = 93A2B6CA1C88AEC500BD493B /* CoreMotion.framework */; };
		933703A71C8A5D3C0092E4A2 /* SceneKit.framework in Frameworks */ = {isa = PBXBuildFile; fileRef = 933703A61C8A5D3C0092E4A2 /* SceneKit.framework */; };
		933703BA1C8A604B0092E4A2 /* AVFoundation.framework in Frameworks */ = {isa = PBXBuildFile; fileRef = 933703B91C8A604B0092E4A2 /* AVFoundation.framework */; };
		93A2B6CF1C88AECE00BD493B /* libiosvr.a in Frameworks */ = {isa = PBXBuildFile; fileRef = 932FC1381C815E4C007259B0 /* libiosvr.a */; };
		93A2B6D21C88AF3F00BD493B /* PanoPlayerRender.mm in Sources */ = {isa = PBXBuildFile; fileRef = 93A2B6D01C88AF3F00BD493B /* PanoPlayerRender.mm */; };
		93A2B6D31C88AF3F00BD493B /* PanoPlayerViewController.mm in Sources */ = {isa = PBXBuildFile; fileRef = 93A2B6D11C88AF3F00BD493B /* PanoPlayerViewController.mm */; };
		93E337E91C8554C500770826 /* RCTVideo360Manager.m in Sources */ = {isa = PBXBuildFile; fileRef = 932FC1401C8163E1007259B0 /* RCTVideo360Manager.m */; };
/* End PBXBuildFile section */

/* Begin PBXContainerItemProxy section */
		932FC1371C815E4C007259B0 /* PBXContainerItemProxy */ = {
			isa = PBXContainerItemProxy;
			containerPortal = 932FC1301C815E4C007259B0 /* iosvr.xcodeproj */;
			proxyType = 2;
			remoteGlobalIDString = B1C842301ACD19D6001DF311;
			remoteInfo = iosvr;
		};
		932FC1391C815E4C007259B0 /* PBXContainerItemProxy */ = {
			isa = PBXContainerItemProxy;
			containerPortal = 932FC1301C815E4C007259B0 /* iosvr.xcodeproj */;
			proxyType = 2;
			remoteGlobalIDString = B145F5791B2F62D000B1E983;
			remoteInfo = SceneKitVRSample;
		};
		932FC13B1C815E4C007259B0 /* PBXContainerItemProxy */ = {
			isa = PBXContainerItemProxy;
			containerPortal = 932FC1301C815E4C007259B0 /* iosvr.xcodeproj */;
			proxyType = 2;
			remoteGlobalIDString = B1941FBC1B30533B00E05DC3;
			remoteInfo = PanoVideoSample;
		};
/* End PBXContainerItemProxy section */

/* Begin PBXCopyFilesBuildPhase section */
		58B511D91A9E6C8500147676 /* CopyFiles */ = {
			isa = PBXCopyFilesBuildPhase;
			buildActionMask = 2147483647;
			dstPath = "include/$(PRODUCT_NAME)";
			dstSubfolderSpec = 16;
			files = (
			);
			runOnlyForDeploymentPostprocessing = 0;
		};
/* End PBXCopyFilesBuildPhase section */

/* Begin PBXFileReference section */
		134814201AA4EA6300B7C361 /* libRCTVideo360.a */ = {isa = PBXFileReference; explicitFileType = archive.ar; includeInIndex = 0; path = libRCTVideo360.a; sourceTree = BUILT_PRODUCTS_DIR; };
		932FC1301C815E4C007259B0 /* iosvr.xcodeproj */ = {isa = PBXFileReference; lastKnownFileType = "wrapper.pb-project"; name = iosvr.xcodeproj; path = ../iosvr/iosvr.xcodeproj; sourceTree = "<group>"; };
		932FC1401C8163E1007259B0 /* RCTVideo360Manager.m */ = {isa = PBXFileReference; fileEncoding = 4; lastKnownFileType = sourcecode.c.objc; path = RCTVideo360Manager.m; sourceTree = "<group>"; };
		932FC1421C8163F0007259B0 /* RCTVideo360Manager.h */ = {isa = PBXFileReference; lastKnownFileType = sourcecode.c.h; path = RCTVideo360Manager.h; sourceTree = "<group>"; };
		933703921C8A58850092E4A2 /* PanoPlayerRender.h */ = {isa = PBXFileReference; fileEncoding = 4; lastKnownFileType = sourcecode.c.h; name = PanoPlayerRender.h; path = ../iosvr/PanoVideoVrSample/PanoPlayerRender.h; sourceTree = "<group>"; };
		933703931C8A588A0092E4A2 /* PanoPlayerViewController.h */ = {isa = PBXFileReference; fileEncoding = 4; lastKnownFileType = sourcecode.c.h; name = PanoPlayerViewController.h; path = ../iosvr/PanoVideoVrSample/PanoPlayerViewController.h; sourceTree = "<group>"; };
		9337039C1C8A5D100092E4A2 /* libhfgl.a */ = {isa = PBXFileReference; lastKnownFileType = archive.ar; name = libhfgl.a; path = "../../../../../../Library/Developer/Xcode/DerivedData/ReactNativeVideo360-djkfevpbhbnyujaujnbwfoasnjjo/Build/Products/Debug-iphoneos/libhfgl.a"; sourceTree = "<group>"; };
		9337039E1C8A5D150092E4A2 /* UIKit.framework */ = {isa = PBXFileReference; lastKnownFileType = wrapper.framework; name = UIKit.framework; path = System/Library/Frameworks/UIKit.framework; sourceTree = SDKROOT; };
		933703A01C8A5D1A0092E4A2 /* AudioToolbox.framework */ = {isa = PBXFileReference; lastKnownFileType = wrapper.framework; name = AudioToolbox.framework; path = System/Library/Frameworks/AudioToolbox.framework; sourceTree = SDKROOT; };
		933703A31C8A5D240092E4A2 /* OpenGLES.framework */ = {isa = PBXFileReference; lastKnownFileType = wrapper.framework; name = OpenGLES.framework; path = System/Library/Frameworks/OpenGLES.framework; sourceTree = SDKROOT; };
		933703A61C8A5D3C0092E4A2 /* SceneKit.framework */ = {isa = PBXFileReference; lastKnownFileType = wrapper.framework; name = SceneKit.framework; path = System/Library/Frameworks/SceneKit.framework; sourceTree = SDKROOT; };
		933703B91C8A604B0092E4A2 /* AVFoundation.framework */ = {isa = PBXFileReference; lastKnownFileType = wrapper.framework; name = AVFoundation.framework; path = System/Library/Frameworks/AVFoundation.framework; sourceTree = SDKROOT; };
		93A2B6CA1C88AEC500BD493B /* CoreMotion.framework */ = {isa = PBXFileReference; lastKnownFileType = wrapper.framework; name = CoreMotion.framework; path = System/Library/Frameworks/CoreMotion.framework; sourceTree = SDKROOT; };
		93A2B6D01C88AF3F00BD493B /* PanoPlayerRender.mm */ = {isa = PBXFileReference; lastKnownFileType = sourcecode.cpp.objcpp; path = PanoPlayerRender.mm; sourceTree = "<group>"; };
		93A2B6D11C88AF3F00BD493B /* PanoPlayerViewController.mm */ = {isa = PBXFileReference; lastKnownFileType = sourcecode.cpp.objcpp; path = PanoPlayerViewController.mm; sourceTree = "<group>"; };
		93A2B6E21C88B0BC00BD493B /* GLKit.framework */ = {isa = PBXFileReference; lastKnownFileType = wrapper.framework; name = GLKit.framework; path = System/Library/Frameworks/GLKit.framework; sourceTree = SDKROOT; };
/* End PBXFileReference section */

/* Begin PBXFrameworksBuildPhase section */
		58B511D81A9E6C8500147676 /* Frameworks */ = {
			isa = PBXFrameworksBuildPhase;
			buildActionMask = 2147483647;
			files = (
				933703BA1C8A604B0092E4A2 /* AVFoundation.framework in Frameworks */,
				933703A71C8A5D3C0092E4A2 /* SceneKit.framework in Frameworks */,
				933703A51C8A5D350092E4A2 /* CoreMotion.framework in Frameworks */,
				933703A41C8A5D240092E4A2 /* OpenGLES.framework in Frameworks */,
				933703A21C8A5D1F0092E4A2 /* GLKit.framework in Frameworks */,
				933703A11C8A5D1A0092E4A2 /* AudioToolbox.framework in Frameworks */,
				9337039F1C8A5D150092E4A2 /* UIKit.framework in Frameworks */,
				9337039D1C8A5D100092E4A2 /* libhfgl.a in Frameworks */,
				93A2B6CF1C88AECE00BD493B /* libiosvr.a in Frameworks */,
			);
			runOnlyForDeploymentPostprocessing = 0;
		};
/* End PBXFrameworksBuildPhase section */

/* Begin PBXGroup section */
		134814211AA4EA7D00B7C361 /* Products */ = {
			isa = PBXGroup;
			children = (
				134814201AA4EA6300B7C361 /* libRCTVideo360.a */,
			);
			name = Products;
			sourceTree = "<group>";
		};
		58B511D21A9E6C8500147676 = {
			isa = PBXGroup;
			children = (
				933703B91C8A604B0092E4A2 /* AVFoundation.framework */,
				933703A61C8A5D3C0092E4A2 /* SceneKit.framework */,
				933703A31C8A5D240092E4A2 /* OpenGLES.framework */,
				933703A01C8A5D1A0092E4A2 /* AudioToolbox.framework */,
				9337039E1C8A5D150092E4A2 /* UIKit.framework */,
				9337039C1C8A5D100092E4A2 /* libhfgl.a */,
				933703921C8A58850092E4A2 /* PanoPlayerRender.h */,
				93A2B6D01C88AF3F00BD493B /* PanoPlayerRender.mm */,
				933703931C8A588A0092E4A2 /* PanoPlayerViewController.h */,
				93A2B6D11C88AF3F00BD493B /* PanoPlayerViewController.mm */,
				932FC1421C8163F0007259B0 /* RCTVideo360Manager.h */,
				932FC1401C8163E1007259B0 /* RCTVideo360Manager.m */,
				93A2B6E21C88B0BC00BD493B /* GLKit.framework */,
				93A2B6CA1C88AEC500BD493B /* CoreMotion.framework */,
				932FC1301C815E4C007259B0 /* iosvr.xcodeproj */,
				134814211AA4EA7D00B7C361 /* Products */,
			);
			sourceTree = "<group>";
		};
		932FC1311C815E4C007259B0 /* Products */ = {
			isa = PBXGroup;
			children = (
				932FC1381C815E4C007259B0 /* libiosvr.a */,
				932FC13A1C815E4C007259B0 /* scenekitvrsample.app */,
				932FC13C1C815E4C007259B0 /* panovideovr.app */,
			);
			name = Products;
			sourceTree = "<group>";
		};
/* End PBXGroup section */

/* Begin PBXNativeTarget section */
		58B511DA1A9E6C8500147676 /* RCTVideo360 */ = {
			isa = PBXNativeTarget;
			buildConfigurationList = 58B511EF1A9E6C8500147676 /* Build configuration list for PBXNativeTarget "RCTVideo360" */;
			buildPhases = (
				58B511D71A9E6C8500147676 /* Sources */,
				58B511D81A9E6C8500147676 /* Frameworks */,
				58B511D91A9E6C8500147676 /* CopyFiles */,
			);
			buildRules = (
			);
			dependencies = (
			);
			name = RCTVideo360;
			productName = RCTDataManager;
			productReference = 134814201AA4EA6300B7C361 /* libRCTVideo360.a */;
			productType = "com.apple.product-type.library.static";
		};
/* End PBXNativeTarget section */

/* Begin PBXProject section */
		58B511D31A9E6C8500147676 /* Project object */ = {
			isa = PBXProject;
			attributes = {
				LastUpgradeCheck = 0610;
				ORGANIZATIONNAME = Facebook;
				TargetAttributes = {
					58B511DA1A9E6C8500147676 = {
						CreatedOnToolsVersion = 6.1.1;
					};
				};
			};
			buildConfigurationList = 58B511D61A9E6C8500147676 /* Build configuration list for PBXProject "RCTVideo360" */;
			compatibilityVersion = "Xcode 3.2";
			developmentRegion = English;
			hasScannedForEncodings = 0;
			knownRegions = (
				en,
			);
			mainGroup = 58B511D21A9E6C8500147676;
			productRefGroup = 58B511D21A9E6C8500147676;
			projectDirPath = "";
			projectReferences = (
				{
					ProductGroup = 932FC1311C815E4C007259B0 /* Products */;
					ProjectRef = 932FC1301C815E4C007259B0 /* iosvr.xcodeproj */;
				},
			);
			projectRoot = "";
			targets = (
				58B511DA1A9E6C8500147676 /* RCTVideo360 */,
			);
		};
/* End PBXProject section */

/* Begin PBXReferenceProxy section */
		932FC1381C815E4C007259B0 /* libiosvr.a */ = {
			isa = PBXReferenceProxy;
			fileType = archive.ar;
			path = libiosvr.a;
			remoteRef = 932FC1371C815E4C007259B0 /* PBXContainerItemProxy */;
			sourceTree = BUILT_PRODUCTS_DIR;
		};
		932FC13A1C815E4C007259B0 /* scenekitvrsample.app */ = {
			isa = PBXReferenceProxy;
			fileType = wrapper.application;
			path = scenekitvrsample.app;
			remoteRef = 932FC1391C815E4C007259B0 /* PBXContainerItemProxy */;
			sourceTree = BUILT_PRODUCTS_DIR;
		};
		932FC13C1C815E4C007259B0 /* panovideovr.app */ = {
			isa = PBXReferenceProxy;
			fileType = wrapper.application;
			path = panovideovr.app;
			remoteRef = 932FC13B1C815E4C007259B0 /* PBXContainerItemProxy */;
			sourceTree = BUILT_PRODUCTS_DIR;
		};
/* End PBXReferenceProxy section */

/* Begin PBXSourcesBuildPhase section */
		58B511D71A9E6C8500147676 /* Sources */ = {
			isa = PBXSourcesBuildPhase;
			buildActionMask = 2147483647;
			files = (
				93A2B6D21C88AF3F00BD493B /* PanoPlayerRender.mm in Sources */,
				93A2B6D31C88AF3F00BD493B /* PanoPlayerViewController.mm in Sources */,
				93E337E91C8554C500770826 /* RCTVideo360Manager.m in Sources */,
			);
			runOnlyForDeploymentPostprocessing = 0;
		};
/* End PBXSourcesBuildPhase section */

/* Begin XCBuildConfiguration section */
		58B511ED1A9E6C8500147676 /* Debug */ = {
			isa = XCBuildConfiguration;
			buildSettings = {
				ALWAYS_SEARCH_USER_PATHS = NO;
				CLANG_CXX_LANGUAGE_STANDARD = "gnu++0x";
				CLANG_CXX_LIBRARY = "libc++";
				CLANG_ENABLE_MODULES = YES;
				CLANG_ENABLE_OBJC_ARC = YES;
				CLANG_WARN_BOOL_CONVERSION = YES;
				CLANG_WARN_CONSTANT_CONVERSION = YES;
				CLANG_WARN_DIRECT_OBJC_ISA_USAGE = YES_ERROR;
				CLANG_WARN_EMPTY_BODY = YES;
				CLANG_WARN_ENUM_CONVERSION = YES;
				CLANG_WARN_INT_CONVERSION = YES;
				CLANG_WARN_OBJC_ROOT_CLASS = YES_ERROR;
				CLANG_WARN_UNREACHABLE_CODE = YES;
				CLANG_WARN__DUPLICATE_METHOD_MATCH = YES;
				COPY_PHASE_STRIP = NO;
				ENABLE_STRICT_OBJC_MSGSEND = YES;
				GCC_C_LANGUAGE_STANDARD = gnu99;
				GCC_DYNAMIC_NO_PIC = NO;
				GCC_OPTIMIZATION_LEVEL = 0;
				GCC_PREPROCESSOR_DEFINITIONS = (
					"DEBUG=1",
					"$(inherited)",
				);
				GCC_SYMBOLS_PRIVATE_EXTERN = NO;
				GCC_WARN_64_TO_32_BIT_CONVERSION = YES;
				GCC_WARN_ABOUT_RETURN_TYPE = YES_ERROR;
				GCC_WARN_UNDECLARED_SELECTOR = YES;
				GCC_WARN_UNINITIALIZED_AUTOS = YES_AGGRESSIVE;
				GCC_WARN_UNUSED_FUNCTION = YES;
				GCC_WARN_UNUSED_VARIABLE = YES;
				IPHONEOS_DEPLOYMENT_TARGET = 7.0;
				MTL_ENABLE_DEBUG_INFO = YES;
				ONLY_ACTIVE_ARCH = YES;
				SDKROOT = iphoneos;
			};
			name = Debug;
		};
		58B511EE1A9E6C8500147676 /* Release */ = {
			isa = XCBuildConfiguration;
			buildSettings = {
				ALWAYS_SEARCH_USER_PATHS = NO;
				CLANG_CXX_LANGUAGE_STANDARD = "gnu++0x";
				CLANG_CXX_LIBRARY = "libc++";
				CLANG_ENABLE_MODULES = YES;
				CLANG_ENABLE_OBJC_ARC = YES;
				CLANG_WARN_BOOL_CONVERSION = YES;
				CLANG_WARN_CONSTANT_CONVERSION = YES;
				CLANG_WARN_DIRECT_OBJC_ISA_USAGE = YES_ERROR;
				CLANG_WARN_EMPTY_BODY = YES;
				CLANG_WARN_ENUM_CONVERSION = YES;
				CLANG_WARN_INT_CONVERSION = YES;
				CLANG_WARN_OBJC_ROOT_CLASS = YES_ERROR;
				CLANG_WARN_UNREACHABLE_CODE = YES;
				CLANG_WARN__DUPLICATE_METHOD_MATCH = YES;
				COPY_PHASE_STRIP = YES;
				ENABLE_NS_ASSERTIONS = NO;
				ENABLE_STRICT_OBJC_MSGSEND = YES;
				GCC_C_LANGUAGE_STANDARD = gnu99;
				GCC_WARN_64_TO_32_BIT_CONVERSION = YES;
				GCC_WARN_ABOUT_RETURN_TYPE = YES_ERROR;
				GCC_WARN_UNDECLARED_SELECTOR = YES;
				GCC_WARN_UNINITIALIZED_AUTOS = YES_AGGRESSIVE;
				GCC_WARN_UNUSED_FUNCTION = YES;
				GCC_WARN_UNUSED_VARIABLE = YES;
				IPHONEOS_DEPLOYMENT_TARGET = 7.0;
				MTL_ENABLE_DEBUG_INFO = NO;
				SDKROOT = iphoneos;
				VALIDATE_PRODUCT = YES;
			};
			name = Release;
		};
		58B511F01A9E6C8500147676 /* Debug */ = {
			isa = XCBuildConfiguration;
			buildSettings = {
				HEADER_SEARCH_PATHS = (
					"$(inherited)",
					/Applications/Xcode.app/Contents/Developer/Toolchains/XcodeDefault.xctoolchain/usr/include,
					"$(SRCROOT)/../../React/**",
					"$(SRCROOT)/../../node_modules/react-native/React/**",
				);
				LIBRARY_SEARCH_PATHS = "$(inherited)";
				OTHER_LDFLAGS = "-ObjC";
				PRODUCT_NAME = RCTVideo360;
				SKIP_INSTALL = YES;
			};
			name = Debug;
		};
		58B511F11A9E6C8500147676 /* Release */ = {
			isa = XCBuildConfiguration;
			buildSettings = {
				HEADER_SEARCH_PATHS = (
					"$(inherited)",
					/Applications/Xcode.app/Contents/Developer/Toolchains/XcodeDefault.xctoolchain/usr/include,
					"$(SRCROOT)/../../React/**",
				);
				LIBRARY_SEARCH_PATHS = "$(inherited)";
				OTHER_LDFLAGS = "-ObjC";
				PRODUCT_NAME = RCTVideo360;
				SKIP_INSTALL = YES;
			};
			name = Release;
		};
/* End XCBuildConfiguration section */

/* Begin XCConfigurationList section */
		58B511D61A9E6C8500147676 /* Build configuration list for PBXProject "RCTVideo360" */ = {
			isa = XCConfigurationList;
			buildConfigurations = (
				58B511ED1A9E6C8500147676 /* Debug */,
				58B511EE1A9E6C8500147676 /* Release */,
			);
			defaultConfigurationIsVisible = 0;
			defaultConfigurationName = Release;
		};
		58B511EF1A9E6C8500147676 /* Build configuration list for PBXNativeTarget "RCTVideo360" */ = {
			isa = XCConfigurationList;
			buildConfigurations = (
				58B511F01A9E6C8500147676 /* Debug */,
				58B511F11A9E6C8500147676 /* Release */,
			);
			defaultConfigurationIsVisible = 0;
			defaultConfigurationName = Release;
		};
/* End XCConfigurationList section */
	};
	rootObject = 58B511D31A9E6C8500147676 /* Project object */;
}
